# name	url	branch	commit	path
InferEdgeForge	https://github.com/gwonxhj/InferEdgeForge.git	main	cbb5b4b7f107247a2cbfe93120ac161f80e3b227	repos/InferEdgeForge
InferEdge-Runtime	https://github.com/gwonxhj/InferEdge-Runtime.git	main	a4463eeebf2361739f377bd683d6c6e093f0cf56	repos/InferEdge-Runtime
InferEdgeLab	https://github.com/gwonxhj/InferEdgeLab.git	main	84ea8ecf2d05430e676186012dd7430a5e02c9c1	repos/InferEdgeLab
InferEdgeAIGuard	https://github.com/gwonxhj/InferEdgeAIGuard.git	main	c4a8e0bd6c966427fbfa6bc6115bf07c43e9ef53	repos/InferEdgeAIGuard
InferEdgeOrchestrator	https://github.com/gwonxhj/InferEdgeOrchestrator.git	main	bba33a7d996a9b2b8e2d803c761a3106e3514bfb	repos/InferEdgeOrchestrator
InferEdgeEnv	https://github.com/gwonxhj/InferEdgeEnv.git	main	42476c2c9e93b16acf00c499ed3446c83b2c169e	repos/InferEdgeEnv
